Microsoft Visual Studio Solution File, Format Version 12.00
# Visual Studio 2012
Project("{FAE04EC0-301F-11D3-BF4B-00C04F79EFBC}") = "racetrack", "racetrack.csproj", "{CABD8ED3-C737-4DEB-B929-7C863B28726A}"
EndProject
Global
	GlobalSection(SolutionConfigurationPlatforms) = preSolution
	Debug|Any CPU = Debug|Any CPU
	ExportDebug|Any CPU = ExportDebug|Any CPU
	ExportRelease|Any CPU = ExportRelease|Any CPU
	EndGlobalSection
	GlobalSection(ProjectConfigurationPlatforms) = postSolution
		{CABD8ED3-C737-4DEB-B929-7C863B28726A}.Debug|Any CPU.ActiveCfg = Debug|Any CPU
		{CABD8ED3-C737-4DEB-B929-7C863B28726A}.Debug|Any CPU.Build.0 = Debug|Any CPU
		{CABD8ED3-C737-4DEB-B929-7C863B28726A}.ExportDebug|Any CPU.ActiveCfg = ExportDebug|Any CPU
		{CABD8ED3-C737-4DEB-B929-7C863B28726A}.ExportDebug|Any CPU.Build.0 = ExportDebug|Any CPU
		{CABD8ED3-C737-4DEB-B929-7C863B28726A}.ExportRelease|Any CPU.ActiveCfg = ExportRelease|Any CPU
		{CABD8ED3-C737-4DEB-B929-7C863B28726A}.ExportRelease|Any CPU.Build.0 = ExportRelease|Any CPU
	EndGlobalSection
EndGlobal
